
Microsoft Visual Studio Solution File, Format Version 12.00
# Visual Studio Version 16
VisualStudioVersion = 16.0.30114.105
MinimumVisualStudioVersion = 10.0.40219.1
Project("{FAE04EC0-301F-11D3-BF4B-00C04F79EFBC}") = "APIForMongoDBQuickstart-WebAPI", "cosmons-mongowebapi\APIForMongoDBQuickstart-WebAPI.csproj", "{B8B016A1-7EA2-43B1-80B6-ADDAA6D6BE8E}"
EndProject
Project("{FAE04EC0-301F-11D3-BF4B-00C04F79EFBC}") = "taskBoardApi", "taskBoardApi\taskBoardApi.csproj", "{67804D76-A577-42CD-9C7E-94E4AE4DD974}"
EndProject
Global
	GlobalSection(SolutionConfigurationPlatforms) = preSolution
		Debug|Any CPU = Debug|Any CPU
		Release|Any CPU = Release|Any CPU
	EndGlobalSection
	GlobalSection(SolutionProperties) = preSolution
		HideSolutionNode = FALSE
	EndGlobalSection
	GlobalSection(ProjectConfigurationPlatforms) = postSolution
		{B8B016A1-7EA2-43B1-80B6-ADDAA6D6BE8E}.Debug|Any CPU.ActiveCfg = Debug|Any CPU
		{B8B016A1-7EA2-43B1-80B6-ADDAA6D6BE8E}.Debug|Any CPU.Build.0 = Debug|Any CPU
		{B8B016A1-7EA2-43B1-80B6-ADDAA6D6BE8E}.Release|Any CPU.ActiveCfg = Release|Any CPU
		{B8B016A1-7EA2-43B1-80B6-ADDAA6D6BE8E}.Release|Any CPU.Build.0 = Release|Any CPU
		{67804D76-A577-42CD-9C7E-94E4AE4DD974}.Debug|Any CPU.ActiveCfg = Debug|Any CPU
		{67804D76-A577-42CD-9C7E-94E4AE4DD974}.Debug|Any CPU.Build.0 = Debug|Any CPU
		{67804D76-A577-42CD-9C7E-94E4AE4DD974}.Release|Any CPU.ActiveCfg = Release|Any CPU
		{67804D76-A577-42CD-9C7E-94E4AE4DD974}.Release|Any CPU.Build.0 = Release|Any CPU
	EndGlobalSection
EndGlobal
